
Microsoft Visual Studio Solution File, Format Version 12.00
# Visual Studio 15
VisualStudioVersion = 15.0.26730.12
MinimumVisualStudioVersion = 10.0.40219.1
Project("{FAE04EC0-301F-11D3-BF4B-00C04F79EFBC}") = "ScreenShotLogic", "ScreenShotLogic\ScreenShotLogic.csproj", "{3D7CEC0D-5AE5-47B2-ADB8-619E781C4B1F}"
EndProject
Project("{FAE04EC0-301F-11D3-BF4B-00C04F79EFBC}") = "VerifyProcess", "VerifyProcess\VerifyProcess.csproj", "{71FA2CFB-EA95-4696-8F04-24563886012F}"
EndProject
Project("{FAE04EC0-301F-11D3-BF4B-00C04F79EFBC}") = "StartProc", "StartProc\StartProc.csproj", "{D95F8E02-2BCE-42EE-8AC2-F875EE1061F9}"
EndProject
Project("{FAE04EC0-301F-11D3-BF4B-00C04F79EFBC}") = "NetCTLService", "NetCTLService\NetCTLService.csproj", "{063B71DB-E881-418D-917E-4C6DE06EE895}"
EndProject
Project("{FAE04EC0-301F-11D3-BF4B-00C04F79EFBC}") = "RealtekCTL", "RealtekCTL\RealtekCTL.csproj", "{09FB44D6-0977-4333-8FE8-43E34A816AC2}"
EndProject
Project("{FAE04EC0-301F-11D3-BF4B-00C04F79EFBC}") = "Installer", "Installer\Installer.csproj", "{62810539-DDE5-4E50-B3F7-C9F3BB9491CC}"
EndProject
Global
	GlobalSection(SolutionConfigurationPlatforms) = preSolution
		Debug|Any CPU = Debug|Any CPU
		Release|Any CPU = Release|Any CPU
	EndGlobalSection
	GlobalSection(ProjectConfigurationPlatforms) = postSolution
		{3D7CEC0D-5AE5-47B2-ADB8-619E781C4B1F}.Debug|Any CPU.ActiveCfg = Debug|Any CPU
		{3D7CEC0D-5AE5-47B2-ADB8-619E781C4B1F}.Debug|Any CPU.Build.0 = Debug|Any CPU
		{3D7CEC0D-5AE5-47B2-ADB8-619E781C4B1F}.Release|Any CPU.ActiveCfg = Release|Any CPU
		{3D7CEC0D-5AE5-47B2-ADB8-619E781C4B1F}.Release|Any CPU.Build.0 = Release|Any CPU
		{71FA2CFB-EA95-4696-8F04-24563886012F}.Debug|Any CPU.ActiveCfg = Debug|Any CPU
		{71FA2CFB-EA95-4696-8F04-24563886012F}.Debug|Any CPU.Build.0 = Debug|Any CPU
		{71FA2CFB-EA95-4696-8F04-24563886012F}.Release|Any CPU.ActiveCfg = Release|Any CPU
		{71FA2CFB-EA95-4696-8F04-24563886012F}.Release|Any CPU.Build.0 = Release|Any CPU
		{D95F8E02-2BCE-42EE-8AC2-F875EE1061F9}.Debug|Any CPU.ActiveCfg = Debug|Any CPU
		{D95F8E02-2BCE-42EE-8AC2-F875EE1061F9}.Debug|Any CPU.Build.0 = Debug|Any CPU
		{D95F8E02-2BCE-42EE-8AC2-F875EE1061F9}.Release|Any CPU.ActiveCfg = Release|Any CPU
		{D95F8E02-2BCE-42EE-8AC2-F875EE1061F9}.Release|Any CPU.Build.0 = Release|Any CPU
		{063B71DB-E881-418D-917E-4C6DE06EE895}.Debug|Any CPU.ActiveCfg = Debug|Any CPU
		{063B71DB-E881-418D-917E-4C6DE06EE895}.Debug|Any CPU.Build.0 = Debug|Any CPU
		{063B71DB-E881-418D-917E-4C6DE06EE895}.Release|Any CPU.ActiveCfg = Release|Any CPU
		{063B71DB-E881-418D-917E-4C6DE06EE895}.Release|Any CPU.Build.0 = Release|Any CPU
		{09FB44D6-0977-4333-8FE8-43E34A816AC2}.Debug|Any CPU.ActiveCfg = Debug|Any CPU
		{09FB44D6-0977-4333-8FE8-43E34A816AC2}.Debug|Any CPU.Build.0 = Debug|Any CPU
		{09FB44D6-0977-4333-8FE8-43E34A816AC2}.Release|Any CPU.ActiveCfg = Release|Any CPU
		{09FB44D6-0977-4333-8FE8-43E34A816AC2}.Release|Any CPU.Build.0 = Release|Any CPU
		{62810539-DDE5-4E50-B3F7-C9F3BB9491CC}.Debug|Any CPU.ActiveCfg = Debug|Any CPU
		{62810539-DDE5-4E50-B3F7-C9F3BB9491CC}.Debug|Any CPU.Build.0 = Debug|Any CPU
		{62810539-DDE5-4E50-B3F7-C9F3BB9491CC}.Release|Any CPU.ActiveCfg = Release|Any CPU
		{62810539-DDE5-4E50-B3F7-C9F3BB9491CC}.Release|Any CPU.Build.0 = Release|Any CPU
	EndGlobalSection
	GlobalSection(SolutionProperties) = preSolution
		HideSolutionNode = FALSE
	EndGlobalSection
	GlobalSection(ExtensibilityGlobals) = postSolution
		SolutionGuid = {B6D1D77C-B70C-4EC1-B72C-84F7DC42B7E4}
	EndGlobalSection
EndGlobal
